
Microsoft Visual Studio Solution File, Format Version 12.00
# Visual Studio Version 16
VisualStudioVersion = 16.0.30413.136
MinimumVisualStudioVersion = 10.0.40219.1
Project("{FAE04EC0-301F-11D3-BF4B-00C04F79EFBC}") = "ch02-prj03-rectangle-calculator", "ch02-prj03-rectangle-calculator\ch02-prj03-rectangle-calculator.csproj", "{13639B8F-D1DF-4A1B-8265-CCD5651AF059}"
EndProject
Global
	GlobalSection(SolutionConfigurationPlatforms) = preSolution
		Debug|Any CPU = Debug|Any CPU
		Release|Any CPU = Release|Any CPU
	EndGlobalSection
	GlobalSection(ProjectConfigurationPlatforms) = postSolution
		{13639B8F-D1DF-4A1B-8265-CCD5651AF059}.Debug|Any CPU.ActiveCfg = Debug|Any CPU
		{13639B8F-D1DF-4A1B-8265-CCD5651AF059}.Debug|Any CPU.Build.0 = Debug|Any CPU
		{13639B8F-D1DF-4A1B-8265-CCD5651AF059}.Release|Any CPU.ActiveCfg = Release|Any CPU
		{13639B8F-D1DF-4A1B-8265-CCD5651AF059}.Release|Any CPU.Build.0 = Release|Any CPU
	EndGlobalSection
	GlobalSection(SolutionProperties) = preSolution
		HideSolutionNode = FALSE
	EndGlobalSection
	GlobalSection(ExtensibilityGlobals) = postSolution
		SolutionGuid = {CD275BBB-8A9A-41AF-91E7-E5BD026E8DFB}
	EndGlobalSection
EndGlobal
