
Microsoft Visual Studio Solution File, Format Version 12.00
# Visual Studio Version 16
VisualStudioVersion = 16.0.30413.136
MinimumVisualStudioVersion = 10.0.40219.1
Project("{FAE04EC0-301F-11D3-BF4B-00C04F79EFBC}") = "hello-world", "hello-world\hello-world.csproj", "{ED38B453-3882-41E9-B80C-F694B5F4FCCD}"
EndProject
Global
	GlobalSection(SolutionConfigurationPlatforms) = preSolution
		Debug|Any CPU = Debug|Any CPU
		Release|Any CPU = Release|Any CPU
	EndGlobalSection
	GlobalSection(ProjectConfigurationPlatforms) = postSolution
		{ED38B453-3882-41E9-B80C-F694B5F4FCCD}.Debug|Any CPU.ActiveCfg = Debug|Any CPU
		{ED38B453-3882-41E9-B80C-F694B5F4FCCD}.Debug|Any CPU.Build.0 = Debug|Any CPU
		{ED38B453-3882-41E9-B80C-F694B5F4FCCD}.Release|Any CPU.ActiveCfg = Release|Any CPU
		{ED38B453-3882-41E9-B80C-F694B5F4FCCD}.Release|Any CPU.Build.0 = Release|Any CPU
	EndGlobalSection
	GlobalSection(SolutionProperties) = preSolution
		HideSolutionNode = FALSE
	EndGlobalSection
	GlobalSection(ExtensibilityGlobals) = postSolution
		SolutionGuid = {F1360EDE-5D9B-463E-B3AC-0BA42CF4BBE9}
	EndGlobalSection
EndGlobal
